// !$*UTF8*$!
{
	archiveVersion = 1;
	classes = {
	};
	objectVersion = 46;
	objects = {

/* Begin PBXBuildFile section */
		659A18C218E47E9D00310711 /* Foundation.framework in Frameworks */ = {isa = PBXBuildFile; fileRef = 659A18C118E47E9D00310711 /* Foundation.framework */; };
		659A18C418E47E9D00310711 /* CoreGraphics.framework in Frameworks */ = {isa = PBXBuildFile; fileRef = 659A18C318E47E9D00310711 /* CoreGraphics.framework */; };
		659A18C618E47E9D00310711 /* UIKit.framework in Frameworks */ = {isa = PBXBuildFile; fileRef = 659A18C518E47E9D00310711 /* UIKit.framework */; };
		659A18CC18E47E9D00310711 /* InfoPlist.strings in Resources */ = {isa = PBXBuildFile; fileRef = 659A18CA18E47E9D00310711 /* InfoPlist.strings */; };
		659A18CE18E47E9D00310711 /* main.m in Sources */ = {isa = PBXBuildFile; fileRef = 659A18CD18E47E9D00310711 /* main.m */; };
		659A18D218E47E9D00310711 /* AppDelegate.m in Sources */ = {isa = PBXBuildFile; fileRef = 659A18D118E47E9D00310711 /* AppDelegate.m */; };
		659A18D518E47E9D00310711 /* Main.storyboard in Resources */ = {isa = PBXBuildFile; fileRef = 659A18D318E47E9D00310711 /* Main.storyboard */; };
		659A18D818E47E9D00310711 /* ViewController.m in Sources */ = {isa = PBXBuildFile; fileRef = 659A18D718E47E9D00310711 /* ViewController.m */; };
		659A18DA18E47E9D00310711 /* Images.xcassets in Resources */ = {isa = PBXBuildFile; fileRef = 659A18D918E47E9D00310711 /* Images.xcassets */; };
		659A18E118E47E9D00310711 /* XCTest.framework in Frameworks */ = {isa = PBXBuildFile; fileRef = 659A18E018E47E9D00310711 /* XCTest.framework */; };
		659A18E218E47E9D00310711 /* Foundation.framework in Frameworks */ = {isa = PBXBuildFile; fileRef = 659A18C118E47E9D00310711 /* Foundation.framework */; };
		659A18E318E47E9D00310711 /* UIKit.framework in Frameworks */ = {isa = PBXBuildFile; fileRef = 659A18C518E47E9D00310711 /* UIKit.framework */; };
		659A18EB18E47E9D00310711 /* InfoPlist.strings in Resources */ = {isa = PBXBuildFile; fileRef = 659A18E918E47E9D00310711 /* InfoPlist.strings */; };
		659A18ED18E47E9D00310711 /* MVModalTransitionsTests.m in Sources */ = {isa = PBXBuildFile; fileRef = 659A18EC18E47E9D00310711 /* MVModalTransitionsTests.m */; };
		659A18FB18E47F4000310711 /* MVModalTransition.m in Sources */ = {isa = PBXBuildFile; fileRef = 659A18F818E47F4000310711 /* MVModalTransition.m */; };
		659A18FC18E47F4000310711 /* MVPopupTransition.m in Sources */ = {isa = PBXBuildFile; fileRef = 659A18FA18E47F4000310711 /* MVPopupTransition.m */; };
		659E441F18E481B00054C778 /* MVCustomAlertView.m in Sources */ = {isa = PBXBuildFile; fileRef = 659E441E18E481B00054C778 /* MVCustomAlertView.m */; };
		A2F636D0B7644A2B8EEF3970 /* libPods.a in Frameworks */ = {isa = PBXBuildFile; fileRef = 21E2B75D5CA54B6399730D42 /* libPods.a */; };
		ABC35C6DEEB093320E115FFA /* MVPickerAlertView.m in Sources */ = {isa = PBXBuildFile; fileRef = ABC354C3B2F696EB81DC3363 /* MVPickerAlertView.m */; };
/* End PBXBuildFile section */

/* Begin PBXContainerItemProxy section */
		659A18E418E47E9D00310711 /* PBXContainerItemProxy */ = {
			isa = PBXContainerItemProxy;
			containerPortal = 659A18B618E47E9D00310711 /* Project object */;
			proxyType = 1;
			remoteGlobalIDString = 659A18BD18E47E9D00310711;
			remoteInfo = MVModalTransitions;
		};
/* End PBXContainerItemProxy section */

/* Begin PBXFileReference section */
		21E2B75D5CA54B6399730D42 /* libPods.a */ = {isa = PBXFileReference; explicitFileType = archive.ar; includeInIndex = 0; path = libPods.a; sourceTree = BUILT_PRODUCTS_DIR; };
		37EB821361DE4A39A693B4F9 /* Pods.xcconfig */ = {isa = PBXFileReference; includeInIndex = 1; lastKnownFileType = text.xcconfig; name = Pods.xcconfig; path = Pods/Pods.xcconfig; sourceTree = "<group>"; };
		659A18BE18E47E9D00310711 /* MVModalTransitions.app */ = {isa = PBXFileReference; explicitFileType = wrapper.application; includeInIndex = 0; path = MVModalTransitions.app; sourceTree = BUILT_PRODUCTS_DIR; };
		659A18C118E47E9D00310711 /* Foundation.framework */ = {isa = PBXFileReference; lastKnownFileType = wrapper.framework; name = Foundation.framework; path = System/Library/Frameworks/Foundation.framework; sourceTree = SDKROOT; };
		659A18C318E47E9D00310711 /* CoreGraphics.framework */ = {isa = PBXFileReference; lastKnownFileType = wrapper.framework; name = CoreGraphics.framework; path = System/Library/Frameworks/CoreGraphics.framework; sourceTree = SDKROOT; };
		659A18C518E47E9D00310711 /* UIKit.framework */ = {isa = PBXFileReference; lastKnownFileType = wrapper.framework; name = UIKit.framework; path = System/Library/Frameworks/UIKit.framework; sourceTree = SDKROOT; };
		659A18C918E47E9D00310711 /* MVModalTransitions-Info.plist */ = {isa = PBXFileReference; lastKnownFileType = text.plist.xml; path = "MVModalTransitions-Info.plist"; sourceTree = "<group>"; };
		659A18CB18E47E9D00310711 /* en */ = {isa = PBXFileReference; lastKnownFileType = text.plist.strings; name = en; path = en.lproj/InfoPlist.strings; sourceTree = "<group>"; };
		659A18CD18E47E9D00310711 /* main.m */ = {isa = PBXFileReference; lastKnownFileType = sourcecode.c.objc; path = main.m; sourceTree = "<group>"; };
		659A18CF18E47E9D00310711 /* MVModalTransitions-Prefix.pch */ = {isa = PBXFileReference; lastKnownFileType = sourcecode.c.h; path = "MVModalTransitions-Prefix.pch"; sourceTree = "<group>"; };
		659A18D018E47E9D00310711 /* AppDelegate.h */ = {isa = PBXFileReference; lastKnownFileType = sourcecode.c.h; path = AppDelegate.h; sourceTree = "<group>"; };
		659A18D118E47E9D00310711 /* AppDelegate.m */ = {isa = PBXFileReference; lastKnownFileType = sourcecode.c.objc; path = AppDelegate.m; sourceTree = "<group>"; };
		659A18D418E47E9D00310711 /* Base */ = {isa = PBXFileReference; lastKnownFileType = file.storyboard; name = Base; path = Base.lproj/Main.storyboard; sourceTree = "<group>"; };
		659A18D618E47E9D00310711 /* ViewController.h */ = {isa = PBXFileReference; lastKnownFileType = sourcecode.c.h; path = ViewController.h; sourceTree = "<group>"; };
		659A18D718E47E9D00310711 /* ViewController.m */ = {isa = PBXFileReference; lastKnownFileType = sourcecode.c.objc; path = ViewController.m; sourceTree = "<group>"; };
		659A18D918E47E9D00310711 /* Images.xcassets */ = {isa = PBXFileReference; lastKnownFileType = folder.assetcatalog; path = Images.xcassets; sourceTree = "<group>"; };
		659A18DF18E47E9D00310711 /* MVModalTransitionsTests.xctest */ = {isa = PBXFileReference; explicitFileType = wrapper.cfbundle; includeInIndex = 0; path = MVModalTransitionsTests.xctest; sourceTree = BUILT_PRODUCTS_DIR; };
		659A18E018E47E9D00310711 /* XCTest.framework */ = {isa = PBXFileReference; lastKnownFileType = wrapper.framework; name = XCTest.framework; path = Library/Frameworks/XCTest.framework; sourceTree = DEVELOPER_DIR; };
		659A18E818E47E9D00310711 /* MVModalTransitionsTests-Info.plist */ = {isa = PBXFileReference; lastKnownFileType = text.plist.xml; path = "MVModalTransitionsTests-Info.plist"; sourceTree = "<group>"; };
		659A18EA18E47E9D00310711 /* en */ = {isa = PBXFileReference; lastKnownFileType = text.plist.strings; name = en; path = en.lproj/InfoPlist.strings; sourceTree = "<group>"; };
		659A18EC18E47E9D00310711 /* MVModalTransitionsTests.m */ = {isa = PBXFileReference; lastKnownFileType = sourcecode.c.objc; path = MVModalTransitionsTests.m; sourceTree = "<group>"; };
		659A18F718E47F4000310711 /* MVModalTransition.h */ = {isa = PBXFileReference; fileEncoding = 4; lastKnownFileType = sourcecode.c.h; path = MVModalTransition.h; sourceTree = "<group>"; };
		659A18F818E47F4000310711 /* MVModalTransition.m */ = {isa = PBXFileReference; fileEncoding = 4; lastKnownFileType = sourcecode.c.objc; path = MVModalTransition.m; sourceTree = "<group>"; };
		659A18F918E47F4000310711 /* MVPopupTransition.h */ = {isa = PBXFileReference; fileEncoding = 4; lastKnownFileType = sourcecode.c.h; path = MVPopupTransition.h; sourceTree = "<group>"; };
		659A18FA18E47F4000310711 /* MVPopupTransition.m */ = {isa = PBXFileReference; fileEncoding = 4; lastKnownFileType = sourcecode.c.objc; path = MVPopupTransition.m; sourceTree = "<group>"; };
		659E441D18E481B00054C778 /* MVCustomAlertView.h */ = {isa = PBXFileReference; fileEncoding = 4; lastKnownFileType = sourcecode.c.h; path = MVCustomAlertView.h; sourceTree = "<group>"; };
		659E441E18E481B00054C778 /* MVCustomAlertView.m */ = {isa = PBXFileReference; fileEncoding = 4; lastKnownFileType = sourcecode.c.objc; path = MVCustomAlertView.m; sourceTree = "<group>"; };
		ABC354C3B2F696EB81DC3363 /* MVPickerAlertView.m */ = {isa = PBXFileReference; fileEncoding = 4; lastKnownFileType = sourcecode.c.objc; path = MVPickerAlertView.m; sourceTree = "<group>"; };
		ABC35D888074DE63546F5208 /* MVPickerAlertView.h */ = {isa = PBXFileReference; fileEncoding = 4; lastKnownFileType = sourcecode.c.h; path = MVPickerAlertView.h; sourceTree = "<group>"; };
/* End PBXFileReference section */

/* Begin PBXFrameworksBuildPhase section */
		659A18BB18E47E9D00310711 /* Frameworks */ = {
			isa = PBXFrameworksBuildPhase;
			buildActionMask = 2147483647;
			files = (
				659A18C418E47E9D00310711 /* CoreGraphics.framework in Frameworks */,
				659A18C618E47E9D00310711 /* UIKit.framework in Frameworks */,
				659A18C218E47E9D00310711 /* Foundation.framework in Frameworks */,
				A2F636D0B7644A2B8EEF3970 /* libPods.a in Frameworks */,
			);
			runOnlyForDeploymentPostprocessing = 0;
		};
		659A18DC18E47E9D00310711 /* Frameworks */ = {
			isa = PBXFrameworksBuildPhase;
			buildActionMask = 2147483647;
			files = (
				659A18E118E47E9D00310711 /* XCTest.framework in Frameworks */,
				659A18E318E47E9D00310711 /* UIKit.framework in Frameworks */,
				659A18E218E47E9D00310711 /* Foundation.framework in Frameworks */,
			);
			runOnlyForDeploymentPostprocessing = 0;
		};
/* End PBXFrameworksBuildPhase section */

/* Begin PBXGroup section */
		659A18B518E47E9D00310711 = {
			isa = PBXGroup;
			children = (
				659A18F618E47EBD00310711 /* MVModalTransition */,
				659A18C718E47E9D00310711 /* MVModalTransitions */,
				659A18E618E47E9D00310711 /* MVModalTransitionsTests */,
				659A18C018E47E9D00310711 /* Frameworks */,
				659A18BF18E47E9D00310711 /* Products */,
				37EB821361DE4A39A693B4F9 /* Pods.xcconfig */,
			);
			sourceTree = "<group>";
		};
		659A18BF18E47E9D00310711 /* Products */ = {
			isa = PBXGroup;
			children = (
				659A18BE18E47E9D00310711 /* MVModalTransitions.app */,
				659A18DF18E47E9D00310711 /* MVModalTransitionsTests.xctest */,
			);
			name = Products;
			sourceTree = "<group>";
		};
		659A18C018E47E9D00310711 /* Frameworks */ = {
			isa = PBXGroup;
			children = (
				659A18C118E47E9D00310711 /* Foundation.framework */,
				659A18C318E47E9D00310711 /* CoreGraphics.framework */,
				659A18C518E47E9D00310711 /* UIKit.framework */,
				659A18E018E47E9D00310711 /* XCTest.framework */,
				21E2B75D5CA54B6399730D42 /* libPods.a */,
			);
			name = Frameworks;
			sourceTree = "<group>";
		};
		659A18C718E47E9D00310711 /* MVModalTransitions */ = {
			isa = PBXGroup;
			children = (
				659E441D18E481B00054C778 /* MVCustomAlertView.h */,
				659E441E18E481B00054C778 /* MVCustomAlertView.m */,
				659A18D018E47E9D00310711 /* AppDelegate.h */,
				659A18D118E47E9D00310711 /* AppDelegate.m */,
				659A18D318E47E9D00310711 /* Main.storyboard */,
				659A18D618E47E9D00310711 /* ViewController.h */,
				659A18D718E47E9D00310711 /* ViewController.m */,
				659A18D918E47E9D00310711 /* Images.xcassets */,
				659A18C818E47E9D00310711 /* Supporting Files */,
				ABC354C3B2F696EB81DC3363 /* MVPickerAlertView.m */,
				ABC35D888074DE63546F5208 /* MVPickerAlertView.h */,
			);
			path = MVModalTransitions;
			sourceTree = "<group>";
		};
		659A18C818E47E9D00310711 /* Supporting Files */ = {
			isa = PBXGroup;
			children = (
				659A18C918E47E9D00310711 /* MVModalTransitions-Info.plist */,
				659A18CA18E47E9D00310711 /* InfoPlist.strings */,
				659A18CD18E47E9D00310711 /* main.m */,
				659A18CF18E47E9D00310711 /* MVModalTransitions-Prefix.pch */,
			);
			name = "Supporting Files";
			sourceTree = "<group>";
		};
		659A18E618E47E9D00310711 /* MVModalTransitionsTests */ = {
			isa = PBXGroup;
			children = (
				659A18EC18E47E9D00310711 /* MVModalTransitionsTests.m */,
				659A18E718E47E9D00310711 /* Supporting Files */,
			);
			path = MVModalTransitionsTests;
			sourceTree = "<group>";
		};
		659A18E718E47E9D00310711 /* Supporting Files */ = {
			isa = PBXGroup;
			children = (
				659A18E818E47E9D00310711 /* MVModalTransitionsTests-Info.plist */,
				659A18E918E47E9D00310711 /* InfoPlist.strings */,
			);
			name = "Supporting Files";
			sourceTree = "<group>";
		};
		659A18F618E47EBD00310711 /* MVModalTransition */ = {
			isa = PBXGroup;
			children = (
				659A18F718E47F4000310711 /* MVModalTransition.h */,
				659A18F818E47F4000310711 /* MVModalTransition.m */,
				659A18F918E47F4000310711 /* MVPopupTransition.h */,
				659A18FA18E47F4000310711 /* MVPopupTransition.m */,
			);
			path = MVModalTransition;
			sourceTree = "<group>";
		};
/* End PBXGroup section */

/* Begin PBXNativeTarget section */
		659A18BD18E47E9D00310711 /* MVModalTransitions */ = {
			isa = PBXNativeTarget;
			buildConfigurationList = 659A18F018E47E9D00310711 /* Build configuration list for PBXNativeTarget "MVModalTransitions" */;
			buildPhases = (
				A831221433BE42E3B4D26419 /* Check Pods Manifest.lock */,
				659A18BA18E47E9D00310711 /* Sources */,
				659A18BB18E47E9D00310711 /* Frameworks */,
				659A18BC18E47E9D00310711 /* Resources */,
				B04A811F0D604A9B9B534BA8 /* Copy Pods Resources */,
			);
			buildRules = (
			);
			dependencies = (
			);
			name = MVModalTransitions;
			productName = MVModalTransitions;
			productReference = 659A18BE18E47E9D00310711 /* MVModalTransitions.app */;
			productType = "com.apple.product-type.application";
		};
		659A18DE18E47E9D00310711 /* MVModalTransitionsTests */ = {
			isa = PBXNativeTarget;
			buildConfigurationList = 659A18F318E47E9D00310711 /* Build configuration list for PBXNativeTarget "MVModalTransitionsTests" */;
			buildPhases = (
				659A18DB18E47E9D00310711 /* Sources */,
				659A18DC18E47E9D00310711 /* Frameworks */,
				659A18DD18E47E9D00310711 /* Resources */,
			);
			buildRules = (
			);
			dependencies = (
				659A18E518E47E9D00310711 /* PBXTargetDependency */,
			);
			name = MVModalTransitionsTests;
			productName = MVModalTransitionsTests;
			productReference = 659A18DF18E47E9D00310711 /* MVModalTransitionsTests.xctest */;
			productType = "com.apple.product-type.bundle.unit-test";
		};
/* End PBXNativeTarget section */

/* Begin PBXProject section */
		659A18B618E47E9D00310711 /* Project object */ = {
			isa = PBXProject;
			attributes = {
				LastUpgradeCheck = 0510;
				ORGANIZATIONNAME = musevisions;
				TargetAttributes = {
					659A18DE18E47E9D00310711 = {
						TestTargetID = 659A18BD18E47E9D00310711;
					};
				};
			};
			buildConfigurationList = 659A18B918E47E9D00310711 /* Build configuration list for PBXProject "MVModalTransitions" */;
			compatibilityVersion = "Xcode 3.2";
			developmentRegion = English;
			hasScannedForEncodings = 0;
			knownRegions = (
				en,
				Base,
			);
			mainGroup = 659A18B518E47E9D00310711;
			productRefGroup = 659A18BF18E47E9D00310711 /* Products */;
			projectDirPath = "";
			projectRoot = "";
			targets = (
				659A18BD18E47E9D00310711 /* MVModalTransitions */,
				659A18DE18E47E9D00310711 /* MVModalTransitionsTests */,
			);
		};
/* End PBXProject section */

/* Begin PBXResourcesBuildPhase section */
		659A18BC18E47E9D00310711 /* Resources */ = {
			isa = PBXResourcesBuildPhase;
			buildActionMask = 2147483647;
			files = (
				659A18DA18E47E9D00310711 /* Images.xcassets in Resources */,
				659A18CC18E47E9D00310711 /* InfoPlist.strings in Resources */,
				659A18D518E47E9D00310711 /* Main.storyboard in Resources */,
			);
			runOnlyForDeploymentPostprocessing = 0;
		};
		659A18DD18E47E9D00310711 /* Resources */ = {
			isa = PBXResourcesBuildPhase;
			buildActionMask = 2147483647;
			files = (
				659A18EB18E47E9D00310711 /* InfoPlist.strings in Resources */,
			);
			runOnlyForDeploymentPostprocessing = 0;
		};
/* End PBXResourcesBuildPhase section */

/* Begin PBXShellScriptBuildPhase section */
		A831221433BE42E3B4D26419 /* Check Pods Manifest.lock */ = {
			isa = PBXShellScriptBuildPhase;
			buildActionMask = 2147483647;
			files = (
			);
			inputPaths = (
			);
			name = "Check Pods Manifest.lock";
			outputPaths = (
			);
			runOnlyForDeploymentPostprocessing = 0;
			shellPath = /bin/sh;
			shellScript = "diff \"${PODS_ROOT}/../Podfile.lock\" \"${PODS_ROOT}/Manifest.lock\" > /dev/null\nif [[ $? != 0 ]] ; then\n    cat << EOM\nerror: The sandbox is not in sync with the Podfile.lock. Run 'pod install' or update your CocoaPods installation.\nEOM\n    exit 1\nfi\n";
			showEnvVarsInLog = 0;
		};
		B04A811F0D604A9B9B534BA8 /* Copy Pods Resources */ = {
			isa = PBXShellScriptBuildPhase;
			buildActionMask = 2147483647;
			files = (
			);
			inputPaths = (
			);
			name = "Copy Pods Resources";
			outputPaths = (
			);
			runOnlyForDeploymentPostprocessing = 0;
			shellPath = /bin/sh;
			shellScript = "\"${SRCROOT}/Pods/Pods-resources.sh\"\n";
			showEnvVarsInLog = 0;
		};
/* End PBXShellScriptBuildPhase section */

/* Begin PBXSourcesBuildPhase section */
		659A18BA18E47E9D00310711 /* Sources */ = {
			isa = PBXSourcesBuildPhase;
			buildActionMask = 2147483647;
			files = (
				659A18FC18E47F4000310711 /* MVPopupTransition.m in Sources */,
				659A18D818E47E9D00310711 /* ViewController.m in Sources */,
				659A18D218E47E9D00310711 /* AppDelegate.m in Sources */,
				659A18FB18E47F4000310711 /* MVModalTransition.m in Sources */,
				659E441F18E481B00054C778 /* MVCustomAlertView.m in Sources */,
				659A18CE18E47E9D00310711 /* main.m in Sources */,
				ABC35C6DEEB093320E115FFA /* MVPickerAlertView.m in Sources */,
			);
			runOnlyForDeploymentPostprocessing = 0;
		};
		659A18DB18E47E9D00310711 /* Sources */ = {
			isa = PBXSourcesBuildPhase;
			buildActionMask = 2147483647;
			files = (
				659A18ED18E47E9D00310711 /* MVModalTransitionsTests.m in Sources */,
			);
			runOnlyForDeploymentPostprocessing = 0;
		};
/* End PBXSourcesBuildPhase section */

/* Begin PBXTargetDependency section */
		659A18E518E47E9D00310711 /* PBXTargetDependency */ = {
			isa = PBXTargetDependency;
			target = 659A18BD18E47E9D00310711 /* MVModalTransitions */;
			targetProxy = 659A18E418E47E9D00310711 /* PBXContainerItemProxy */;
		};
/* End PBXTargetDependency section */

/* Begin PBXVariantGroup section */
		659A18CA18E47E9D00310711 /* InfoPlist.strings */ = {
			isa = PBXVariantGroup;
			children = (
				659A18CB18E47E9D00310711 /* en */,
			);
			name = InfoPlist.strings;
			sourceTree = "<group>";
		};
		659A18D318E47E9D00310711 /* Main.storyboard */ = {
			isa = PBXVariantGroup;
			children = (
				659A18D418E47E9D00310711 /* Base */,
			);
			name = Main.storyboard;
			sourceTree = "<group>";
		};
		659A18E918E47E9D00310711 /* InfoPlist.strings */ = {
			isa = PBXVariantGroup;
			children = (
				659A18EA18E47E9D00310711 /* en */,
			);
			name = InfoPlist.strings;
			sourceTree = "<group>";
		};
/* End PBXVariantGroup section */

/* Begin XCBuildConfiguration section */
		659A18EE18E47E9D00310711 /* Debug */ = {
			isa = XCBuildConfiguration;
			buildSettings = {
				ALWAYS_SEARCH_USER_PATHS = NO;
				CLANG_CXX_LANGUAGE_STANDARD = "gnu++0x";
				CLANG_CXX_LIBRARY = "libc++";
				CLANG_ENABLE_MODULES = YES;
				CLANG_ENABLE_OBJC_ARC = YES;
				CLANG_WARN_BOOL_CONVERSION = YES;
				CLANG_WARN_CONSTANT_CONVERSION = YES;
				CLANG_WARN_DIRECT_OBJC_ISA_USAGE = YES_ERROR;
				CLANG_WARN_EMPTY_BODY = YES;
				CLANG_WARN_ENUM_CONVERSION = YES;
				CLANG_WARN_INT_CONVERSION = YES;
				CLANG_WARN_OBJC_ROOT_CLASS = YES_ERROR;
				CLANG_WARN__DUPLICATE_METHOD_MATCH = YES;
				"CODE_SIGN_IDENTITY[sdk=iphoneos*]" = "iPhone Developer";
				COPY_PHASE_STRIP = NO;
				GCC_C_LANGUAGE_STANDARD = gnu99;
				GCC_DYNAMIC_NO_PIC = NO;
				GCC_OPTIMIZATION_LEVEL = 0;
				GCC_PREPROCESSOR_DEFINITIONS = (
					"DEBUG=1",
					"$(inherited)",
				);
				GCC_SYMBOLS_PRIVATE_EXTERN = NO;
				GCC_WARN_64_TO_32_BIT_CONVERSION = YES;
				GCC_WARN_ABOUT_RETURN_TYPE = YES_ERROR;
				GCC_WARN_UNDECLARED_SELECTOR = YES;
				GCC_WARN_UNINITIALIZED_AUTOS = YES_AGGRESSIVE;
				GCC_WARN_UNUSED_FUNCTION = YES;
				GCC_WARN_UNUSED_VARIABLE = YES;
				IPHONEOS_DEPLOYMENT_TARGET = 7.1;
				ONLY_ACTIVE_ARCH = YES;
				SDKROOT = iphoneos;
			};
			name = Debug;
		};
		659A18EF18E47E9D00310711 /* Release */ = {
			isa = XCBuildConfiguration;
			buildSettings = {
				ALWAYS_SEARCH_USER_PATHS = NO;
				CLANG_CXX_LANGUAGE_STANDARD = "gnu++0x";
				CLANG_CXX_LIBRARY = "libc++";
				CLANG_ENABLE_MODULES = YES;
				CLANG_ENABLE_OBJC_ARC = YES;
				CLANG_WARN_BOOL_CONVERSION = YES;
				CLANG_WARN_CONSTANT_CONVERSION = YES;
				CLANG_WARN_DIRECT_OBJC_ISA_USAGE = YES_ERROR;
				CLANG_WARN_EMPTY_BODY = YES;
				CLANG_WARN_ENUM_CONVERSION = YES;
				CLANG_WARN_INT_CONVERSION = YES;
				CLANG_WARN_OBJC_ROOT_CLASS = YES_ERROR;
				CLANG_WARN__DUPLICATE_METHOD_MATCH = YES;
				"CODE_SIGN_IDENTITY[sdk=iphoneos*]" = "iPhone Developer";
				COPY_PHASE_STRIP = YES;
				ENABLE_NS_ASSERTIONS = NO;
				GCC_C_LANGUAGE_STANDARD = gnu99;
				GCC_WARN_64_TO_32_BIT_CONVERSION = YES;
				GCC_WARN_ABOUT_RETURN_TYPE = YES_ERROR;
				GCC_WARN_UNDECLARED_SELECTOR = YES;
				GCC_WARN_UNINITIALIZED_AUTOS = YES_AGGRESSIVE;
				GCC_WARN_UNUSED_FUNCTION = YES;
				GCC_WARN_UNUSED_VARIABLE = YES;
				IPHONEOS_DEPLOYMENT_TARGET = 7.1;
				SDKROOT = iphoneos;
				VALIDATE_PRODUCT = YES;
			};
			name = Release;
		};
		659A18F118E47E9D00310711 /* Debug */ = {
			isa = XCBuildConfiguration;
			baseConfigurationReference = 37EB821361DE4A39A693B4F9 /* Pods.xcconfig */;
			buildSettings = {
				ASSETCATALOG_COMPILER_APPICON_NAME = AppIcon;
				ASSETCATALOG_COMPILER_LAUNCHIMAGE_NAME = LaunchImage;
				GCC_PRECOMPILE_PREFIX_HEADER = YES;
				GCC_PREFIX_HEADER = "MVModalTransitions/MVModalTransitions-Prefix.pch";
				INFOPLIST_FILE = "MVModalTransitions/MVModalTransitions-Info.plist";
				PRODUCT_NAME = "$(TARGET_NAME)";
				WRAPPER_EXTENSION = app;
			};
			name = Debug;
		};
		659A18F218E47E9D00310711 /* Release */ = {
			isa = XCBuildConfiguration;
			baseConfigurationReference = 37EB821361DE4A39A693B4F9 /* Pods.xcconfig */;
			buildSettings = {
				ASSETCATALOG_COMPILER_APPICON_NAME = AppIcon;
				ASSETCATALOG_COMPILER_LAUNCHIMAGE_NAME = LaunchImage;
				GCC_PRECOMPILE_PREFIX_HEADER = YES;
				GCC_PREFIX_HEADER = "MVModalTransitions/MVModalTransitions-Prefix.pch";
				INFOPLIST_FILE = "MVModalTransitions/MVModalTransitions-Info.plist";
				PRODUCT_NAME = "$(TARGET_NAME)";
				WRAPPER_EXTENSION = app;
			};
			name = Release;
		};
		659A18F418E47E9D00310711 /* Debug */ = {
			isa = XCBuildConfiguration;
			buildSettings = {
				BUNDLE_LOADER = "$(BUILT_PRODUCTS_DIR)/MVModalTransitions.app/MVModalTransitions";
				FRAMEWORK_SEARCH_PATHS = (
					"$(SDKROOT)/Developer/Library/Frameworks",
					"$(inherited)",
					"$(DEVELOPER_FRAMEWORKS_DIR)",
				);
				GCC_PRECOMPILE_PREFIX_HEADER = YES;
				GCC_PREFIX_HEADER = "MVModalTransitions/MVModalTransitions-Prefix.pch";
				GCC_PREPROCESSOR_DEFINITIONS = (
					"DEBUG=1",
					"$(inherited)",
				);
				INFOPLIST_FILE = "MVModalTransitionsTests/MVModalTransitionsTests-Info.plist";
				PRODUCT_NAME = "$(TARGET_NAME)";
				TEST_HOST = "$(BUNDLE_LOADER)";
				WRAPPER_EXTENSION = xctest;
			};
			name = Debug;
		};
		659A18F518E47E9D00310711 /* Release */ = {
			isa = XCBuildConfiguration;
			buildSettings = {
				BUNDLE_LOADER = "$(BUILT_PRODUCTS_DIR)/MVModalTransitions.app/MVModalTransitions";
				FRAMEWORK_SEARCH_PATHS = (
					"$(SDKROOT)/Developer/Library/Frameworks",
					"$(inherited)",
					"$(DEVELOPER_FRAMEWORKS_DIR)",
				);
				GCC_PRECOMPILE_PREFIX_HEADER = YES;
				GCC_PREFIX_HEADER = "MVModalTransitions/MVModalTransitions-Prefix.pch";
				INFOPLIST_FILE = "MVModalTransitionsTests/MVModalTransitionsTests-Info.plist";
				PRODUCT_NAME = "$(TARGET_NAME)";
				TEST_HOST = "$(BUNDLE_LOADER)";
				WRAPPER_EXTENSION = xctest;
			};
			name = Release;
		};
/* End XCBuildConfiguration section */

/* Begin XCConfigurationList section */
		659A18B918E47E9D00310711 /* Build configuration list for PBXProject "MVModalTransitions" */ = {
			isa = XCConfigurationList;
			buildConfigurations = (
				659A18EE18E47E9D00310711 /* Debug */,
				659A18EF18E47E9D00310711 /* Release */,
			);
			defaultConfigurationIsVisible = 0;
			defaultConfigurationName = Release;
		};
		659A18F018E47E9D00310711 /* Build configuration list for PBXNativeTarget "MVModalTransitions" */ = {
			isa = XCConfigurationList;
			buildConfigurations = (
				659A18F118E47E9D00310711 /* Debug */,
				659A18F218E47E9D00310711 /* Release */,
			);
			defaultConfigurationIsVisible = 0;
			defaultConfigurationName = Release;
		};
		659A18F318E47E9D00310711 /* Build configuration list for PBXNativeTarget "MVModalTransitionsTests" */ = {
			isa = XCConfigurationList;
			buildConfigurations = (
				659A18F418E47E9D00310711 /* Debug */,
				659A18F518E47E9D00310711 /* Release */,
			);
			defaultConfigurationIsVisible = 0;
			defaultConfigurationName = Release;
		};
/* End XCConfigurationList section */
	};
	rootObject = 659A18B618E47E9D00310711 /* Project object */;
}
